
Microsoft Visual Studio Solution File, Format Version 11.00
# Visual Studio 2010
Project("{FAE04EC0-301F-11D3-BF4B-00C04F79EFBC}") = "LocationService", "LocationService\LocationService.csproj", "{B69AB2A0-B413-4AB6-9A82-6771A22B08DC}"
EndProject
Global
	GlobalSection(SolutionConfigurationPlatforms) = preSolution
		Debug|iPhoneSimulator = Debug|iPhoneSimulator
		Release|iPhoneSimulator = Release|iPhoneSimulator
		Debug|iPhone = Debug|iPhone
		Release|iPhone = Release|iPhone
		Ad-Hoc|iPhone = Ad-Hoc|iPhone
		AppStore|iPhone = AppStore|iPhone
	EndGlobalSection
	GlobalSection(ProjectConfigurationPlatforms) = postSolution
		{B69AB2A0-B413-4AB6-9A82-6771A22B08DC}.Ad-Hoc|iPhone.ActiveCfg = Ad-Hoc|iPhone
		{B69AB2A0-B413-4AB6-9A82-6771A22B08DC}.Ad-Hoc|iPhone.Build.0 = Ad-Hoc|iPhone
		{B69AB2A0-B413-4AB6-9A82-6771A22B08DC}.AppStore|iPhone.ActiveCfg = AppStore|iPhone
		{B69AB2A0-B413-4AB6-9A82-6771A22B08DC}.AppStore|iPhone.Build.0 = AppStore|iPhone
		{B69AB2A0-B413-4AB6-9A82-6771A22B08DC}.Debug|iPhone.ActiveCfg = Debug|iPhone
		{B69AB2A0-B413-4AB6-9A82-6771A22B08DC}.Debug|iPhone.Build.0 = Debug|iPhone
		{B69AB2A0-B413-4AB6-9A82-6771A22B08DC}.Debug|iPhoneSimulator.ActiveCfg = Debug|iPhoneSimulator
		{B69AB2A0-B413-4AB6-9A82-6771A22B08DC}.Debug|iPhoneSimulator.Build.0 = Debug|iPhoneSimulator
		{B69AB2A0-B413-4AB6-9A82-6771A22B08DC}.Release|iPhone.ActiveCfg = Release|iPhone
		{B69AB2A0-B413-4AB6-9A82-6771A22B08DC}.Release|iPhone.Build.0 = Release|iPhone
		{B69AB2A0-B413-4AB6-9A82-6771A22B08DC}.Release|iPhoneSimulator.ActiveCfg = Release|iPhoneSimulator
		{B69AB2A0-B413-4AB6-9A82-6771A22B08DC}.Release|iPhoneSimulator.Build.0 = Release|iPhoneSimulator
	EndGlobalSection
	GlobalSection(MonoDevelopProperties) = preSolution
		StartupItem = LocationService\LocationService.csproj
	EndGlobalSection
EndGlobal
